
Microsoft Visual Studio Solution File, Format Version 12.00
# Visual Studio Version 17
VisualStudioVersion = 17.7.34009.444
MinimumVisualStudioVersion = 10.0.40219.1
Project("{FAE04EC0-301F-11D3-BF4B-00C04F79EFBC}") = "ITI-Project", "ITI-Project\ITI-Project.csproj", "{3DE26996-748E-4F25-9605-11890DC28E69}"
EndProject
Global
	GlobalSection(SolutionConfigurationPlatforms) = preSolution
		Debug|Any CPU = Debug|Any CPU
		Release|Any CPU = Release|Any CPU
	EndGlobalSection
	GlobalSection(ProjectConfigurationPlatforms) = postSolution
		{3DE26996-748E-4F25-9605-11890DC28E69}.Debug|Any CPU.ActiveCfg = Debug|Any CPU
		{3DE26996-748E-4F25-9605-11890DC28E69}.Debug|Any CPU.Build.0 = Debug|Any CPU
		{3DE26996-748E-4F25-9605-11890DC28E69}.Release|Any CPU.ActiveCfg = Release|Any CPU
		{3DE26996-748E-4F25-9605-11890DC28E69}.Release|Any CPU.Build.0 = Release|Any CPU
	EndGlobalSection
	GlobalSection(SolutionProperties) = preSolution
		HideSolutionNode = FALSE
	EndGlobalSection
	GlobalSection(ExtensibilityGlobals) = postSolution
		SolutionGuid = {ECCFAEBE-F053-46EC-A2A1-99483024F834}
	EndGlobalSection
EndGlobal
